// !$*UTF8*$!
{
	archiveVersion = 1;
	classes = {
	};
	objectVersion = 46;
	objects = {

/* Begin PBXBuildFile section */
		01BB35921CB35031002B5D1A /* main.m in Sources */ = {isa = PBXBuildFile; fileRef = 01BB35911CB35031002B5D1A /* main.m */; };
		01BB35951CB35031002B5D1A /* AppDelegate.m in Sources */ = {isa = PBXBuildFile; fileRef = 01BB35941CB35031002B5D1A /* AppDelegate.m */; };
		01BB35981CB35031002B5D1A /* ViewController.m in Sources */ = {isa = PBXBuildFile; fileRef = 01BB35971CB35031002B5D1A /* ViewController.m */; };
		01BB359B1CB35031002B5D1A /* Main.storyboard in Resources */ = {isa = PBXBuildFile; fileRef = 01BB35991CB35031002B5D1A /* Main.storyboard */; };
		01BB359D1CB35031002B5D1A /* Assets.xcassets in Resources */ = {isa = PBXBuildFile; fileRef = 01BB359C1CB35031002B5D1A /* Assets.xcassets */; };
		01BB35A01CB35031002B5D1A /* LaunchScreen.storyboard in Resources */ = {isa = PBXBuildFile; fileRef = 01BB359E1CB35031002B5D1A /* LaunchScreen.storyboard */; };
		01BB35AB1CB35031002B5D1A /* AXAlertViewTests.m in Sources */ = {isa = PBXBuildFile; fileRef = 01BB35AA1CB35031002B5D1A /* AXAlertViewTests.m */; };
		01BB35B61CB35031002B5D1A /* AXAlertViewUITests.m in Sources */ = {isa = PBXBuildFile; fileRef = 01BB35B51CB35031002B5D1A /* AXAlertViewUITests.m */; };
		01BB35C51CB35118002B5D1A /* AXAlertView.m in Sources */ = {isa = PBXBuildFile; fileRef = 01BB35C41CB35118002B5D1A /* AXAlertView.m */; };
		3DA8ED676693A24D990DA890 /* libPods-AXAlertView.a in Frameworks */ = {isa = PBXBuildFile; fileRef = 6D00E16D94EC1983741C476A /* libPods-AXAlertView.a */; };
/* End PBXBuildFile section */

/* Begin PBXContainerItemProxy section */
		01BB35A71CB35031002B5D1A /* PBXContainerItemProxy */ = {
			isa = PBXContainerItemProxy;
			containerPortal = 01BB35851CB35031002B5D1A /* Project object */;
			proxyType = 1;
			remoteGlobalIDString = 01BB358C1CB35031002B5D1A;
			remoteInfo = AXAlertView;
		};
		01BB35B21CB35031002B5D1A /* PBXContainerItemProxy */ = {
			isa = PBXContainerItemProxy;
			containerPortal = 01BB35851CB35031002B5D1A /* Project object */;
			proxyType = 1;
			remoteGlobalIDString = 01BB358C1CB35031002B5D1A;
			remoteInfo = AXAlertView;
		};
/* End PBXContainerItemProxy section */

/* Begin PBXFileReference section */
		01BB358D1CB35031002B5D1A /* AXAlertView.app */ = {isa = PBXFileReference; explicitFileType = wrapper.application; includeInIndex = 0; path = AXAlertView.app; sourceTree = BUILT_PRODUCTS_DIR; };
		01BB35911CB35031002B5D1A /* main.m */ = {isa = PBXFileReference; lastKnownFileType = sourcecode.c.objc; path = main.m; sourceTree = "<group>"; };
		01BB35931CB35031002B5D1A /* AppDelegate.h */ = {isa = PBXFileReference; lastKnownFileType = sourcecode.c.h; path = AppDelegate.h; sourceTree = "<group>"; };
		01BB35941CB35031002B5D1A /* AppDelegate.m */ = {isa = PBXFileReference; lastKnownFileType = sourcecode.c.objc; path = AppDelegate.m; sourceTree = "<group>"; };
		01BB35961CB35031002B5D1A /* ViewController.h */ = {isa = PBXFileReference; lastKnownFileType = sourcecode.c.h; path = ViewController.h; sourceTree = "<group>"; };
		01BB35971CB35031002B5D1A /* ViewController.m */ = {isa = PBXFileReference; lastKnownFileType = sourcecode.c.objc; path = ViewController.m; sourceTree = "<group>"; };
		01BB359A1CB35031002B5D1A /* Base */ = {isa = PBXFileReference; lastKnownFileType = file.storyboard; name = Base; path = Base.lproj/Main.storyboard; sourceTree = "<group>"; };
		01BB359C1CB35031002B5D1A /* Assets.xcassets */ = {isa = PBXFileReference; lastKnownFileType = folder.assetcatalog; path = Assets.xcassets; sourceTree = "<group>"; };
		01BB359F1CB35031002B5D1A /* Base */ = {isa = PBXFileReference; lastKnownFileType = file.storyboard; name = Base; path = Base.lproj/LaunchScreen.storyboard; sourceTree = "<group>"; };
		01BB35A11CB35031002B5D1A /* Info.plist */ = {isa = PBXFileReference; lastKnownFileType = text.plist.xml; path = Info.plist; sourceTree = "<group>"; };
		01BB35A61CB35031002B5D1A /* AXAlertViewTests.xctest */ = {isa = PBXFileReference; explicitFileType = wrapper.cfbundle; includeInIndex = 0; path = AXAlertViewTests.xctest; sourceTree = BUILT_PRODUCTS_DIR; };
		01BB35AA1CB35031002B5D1A /* AXAlertViewTests.m */ = {isa = PBXFileReference; lastKnownFileType = sourcecode.c.objc; path = AXAlertViewTests.m; sourceTree = "<group>"; };
		01BB35AC1CB35031002B5D1A /* Info.plist */ = {isa = PBXFileReference; lastKnownFileType = text.plist.xml; path = Info.plist; sourceTree = "<group>"; };
		01BB35B11CB35031002B5D1A /* AXAlertViewUITests.xctest */ = {isa = PBXFileReference; explicitFileType = wrapper.cfbundle; includeInIndex = 0; path = AXAlertViewUITests.xctest; sourceTree = BUILT_PRODUCTS_DIR; };
		01BB35B51CB35031002B5D1A /* AXAlertViewUITests.m */ = {isa = PBXFileReference; lastKnownFileType = sourcecode.c.objc; path = AXAlertViewUITests.m; sourceTree = "<group>"; };
		01BB35B71CB35031002B5D1A /* Info.plist */ = {isa = PBXFileReference; lastKnownFileType = text.plist.xml; path = Info.plist; sourceTree = "<group>"; };
		01BB35C31CB35118002B5D1A /* AXAlertView.h */ = {isa = PBXFileReference; fileEncoding = 4; lastKnownFileType = sourcecode.c.h; name = AXAlertView.h; path = AXAlertView/AXAlertView.h; sourceTree = "<group>"; };
		01BB35C41CB35118002B5D1A /* AXAlertView.m */ = {isa = PBXFileReference; fileEncoding = 4; lastKnownFileType = sourcecode.c.objc; name = AXAlertView.m; path = AXAlertView/AXAlertView.m; sourceTree = "<group>"; };
		37D7438B4F614BD7E4BD7FDA /* Pods-AXAlertView.release.xcconfig */ = {isa = PBXFileReference; includeInIndex = 1; lastKnownFileType = text.xcconfig; name = "Pods-AXAlertView.release.xcconfig"; path = "Pods/Target Support Files/Pods-AXAlertView/Pods-AXAlertView.release.xcconfig"; sourceTree = "<group>"; };
		525EDD5E82AD48153196FAAB /* Pods-AXAlertView.debug.xcconfig */ = {isa = PBXFileReference; includeInIndex = 1; lastKnownFileType = text.xcconfig; name = "Pods-AXAlertView.debug.xcconfig"; path = "Pods/Target Support Files/Pods-AXAlertView/Pods-AXAlertView.debug.xcconfig"; sourceTree = "<group>"; };
		6D00E16D94EC1983741C476A /* libPods-AXAlertView.a */ = {isa = PBXFileReference; explicitFileType = archive.ar; includeInIndex = 0; path = "libPods-AXAlertView.a"; sourceTree = BUILT_PRODUCTS_DIR; };
/* End PBXFileReference section */

/* Begin PBXFrameworksBuildPhase section */
		01BB358A1CB35031002B5D1A /* Frameworks */ = {
			isa = PBXFrameworksBuildPhase;
			buildActionMask = 2147483647;
			files = (
				3DA8ED676693A24D990DA890 /* libPods-AXAlertView.a in Frameworks */,
			);
			runOnlyForDeploymentPostprocessing = 0;
		};
		01BB35A31CB35031002B5D1A /* Frameworks */ = {
			isa = PBXFrameworksBuildPhase;
			buildActionMask = 2147483647;
			files = (
			);
			runOnlyForDeploymentPostprocessing = 0;
		};
		01BB35AE1CB35031002B5D1A /* Frameworks */ = {
			isa = PBXFrameworksBuildPhase;
			buildActionMask = 2147483647;
			files = (
			);
			runOnlyForDeploymentPostprocessing = 0;
		};
/* End PBXFrameworksBuildPhase section */

/* Begin PBXGroup section */
		01BB35841CB35031002B5D1A = {
			isa = PBXGroup;
			children = (
				01BB358F1CB35031002B5D1A /* AXAlertView */,
				01BB35A91CB35031002B5D1A /* AXAlertViewTests */,
				01BB35B41CB35031002B5D1A /* AXAlertViewUITests */,
				01BB358E1CB35031002B5D1A /* Products */,
				E2AAD5D8A448265B45220D41 /* Pods */,
				5C6ADC35B98060AEB3163FA0 /* Frameworks */,
			);
			sourceTree = "<group>";
		};
		01BB358E1CB35031002B5D1A /* Products */ = {
			isa = PBXGroup;
			children = (
				01BB358D1CB35031002B5D1A /* AXAlertView.app */,
				01BB35A61CB35031002B5D1A /* AXAlertViewTests.xctest */,
				01BB35B11CB35031002B5D1A /* AXAlertViewUITests.xctest */,
			);
			name = Products;
			sourceTree = "<group>";
		};
		01BB358F1CB35031002B5D1A /* AXAlertView */ = {
			isa = PBXGroup;
			children = (
				01BB35931CB35031002B5D1A /* AppDelegate.h */,
				01BB35941CB35031002B5D1A /* AppDelegate.m */,
				01BB35961CB35031002B5D1A /* ViewController.h */,
				01BB35971CB35031002B5D1A /* ViewController.m */,
				01BB35991CB35031002B5D1A /* Main.storyboard */,
				01BB35C61CB3511B002B5D1A /* AXAlertView */,
				01BB359C1CB35031002B5D1A /* Assets.xcassets */,
				01BB359E1CB35031002B5D1A /* LaunchScreen.storyboard */,
				01BB35A11CB35031002B5D1A /* Info.plist */,
				01BB35901CB35031002B5D1A /* Supporting Files */,
			);
			path = AXAlertView;
			sourceTree = "<group>";
		};
		01BB35901CB35031002B5D1A /* Supporting Files */ = {
			isa = PBXGroup;
			children = (
				01BB35911CB35031002B5D1A /* main.m */,
			);
			name = "Supporting Files";
			sourceTree = "<group>";
		};
		01BB35A91CB35031002B5D1A /* AXAlertViewTests */ = {
			isa = PBXGroup;
			children = (
				01BB35AA1CB35031002B5D1A /* AXAlertViewTests.m */,
				01BB35AC1CB35031002B5D1A /* Info.plist */,
			);
			path = AXAlertViewTests;
			sourceTree = "<group>";
		};
		01BB35B41CB35031002B5D1A /* AXAlertViewUITests */ = {
			isa = PBXGroup;
			children = (
				01BB35B51CB35031002B5D1A /* AXAlertViewUITests.m */,
				01BB35B71CB35031002B5D1A /* Info.plist */,
			);
			path = AXAlertViewUITests;
			sourceTree = "<group>";
		};
		01BB35C61CB3511B002B5D1A /* AXAlertView */ = {
			isa = PBXGroup;
			children = (
				01BB35C31CB35118002B5D1A /* AXAlertView.h */,
				01BB35C41CB35118002B5D1A /* AXAlertView.m */,
			);
			name = AXAlertView;
			sourceTree = "<group>";
		};
		5C6ADC35B98060AEB3163FA0 /* Frameworks */ = {
			isa = PBXGroup;
			children = (
				6D00E16D94EC1983741C476A /* libPods-AXAlertView.a */,
			);
			name = Frameworks;
			sourceTree = "<group>";
		};
		E2AAD5D8A448265B45220D41 /* Pods */ = {
			isa = PBXGroup;
			children = (
				525EDD5E82AD48153196FAAB /* Pods-AXAlertView.debug.xcconfig */,
				37D7438B4F614BD7E4BD7FDA /* Pods-AXAlertView.release.xcconfig */,
			);
			name = Pods;
			sourceTree = "<group>";
		};
/* End PBXGroup section */

/* Begin PBXNativeTarget section */
		01BB358C1CB35031002B5D1A /* AXAlertView */ = {
			isa = PBXNativeTarget;
			buildConfigurationList = 01BB35BA1CB35031002B5D1A /* Build configuration list for PBXNativeTarget "AXAlertView" */;
			buildPhases = (
				25810A4B9622CC84E9595A08 /* [CP] Check Pods Manifest.lock */,
				01BB35891CB35031002B5D1A /* Sources */,
				01BB358A1CB35031002B5D1A /* Frameworks */,
				01BB358B1CB35031002B5D1A /* Resources */,
				778588F1201373AF92D9D57A /* [CP] Embed Pods Frameworks */,
				D928CC80A8424EC54CB67211 /* [CP] Copy Pods Resources */,
			);
			buildRules = (
			);
			dependencies = (
			);
			name = AXAlertView;
			productName = AXAlertView;
			productReference = 01BB358D1CB35031002B5D1A /* AXAlertView.app */;
			productType = "com.apple.product-type.application";
		};
		01BB35A51CB35031002B5D1A /* AXAlertViewTests */ = {
			isa = PBXNativeTarget;
			buildConfigurationList = 01BB35BD1CB35031002B5D1A /* Build configuration list for PBXNativeTarget "AXAlertViewTests" */;
			buildPhases = (
				01BB35A21CB35031002B5D1A /* Sources */,
				01BB35A31CB35031002B5D1A /* Frameworks */,
				01BB35A41CB35031002B5D1A /* Resources */,
			);
			buildRules = (
			);
			dependencies = (
				01BB35A81CB35031002B5D1A /* PBXTargetDependency */,
			);
			name = AXAlertViewTests;
			productName = AXAlertViewTests;
			productReference = 01BB35A61CB35031002B5D1A /* AXAlertViewTests.xctest */;
			productType = "com.apple.product-type.bundle.unit-test";
		};
		01BB35B01CB35031002B5D1A /* AXAlertViewUITests */ = {
			isa = PBXNativeTarget;
			buildConfigurationList = 01BB35C01CB35031002B5D1A /* Build configuration list for PBXNativeTarget "AXAlertViewUITests" */;
			buildPhases = (
				01BB35AD1CB35031002B5D1A /* Sources */,
				01BB35AE1CB35031002B5D1A /* Frameworks */,
				01BB35AF1CB35031002B5D1A /* Resources */,
			);
			buildRules = (
			);
			dependencies = (
				01BB35B31CB35031002B5D1A /* PBXTargetDependency */,
			);
			name = AXAlertViewUITests;
			productName = AXAlertViewUITests;
			productReference = 01BB35B11CB35031002B5D1A /* AXAlertViewUITests.xctest */;
			productType = "com.apple.product-type.bundle.ui-testing";
		};
/* End PBXNativeTarget section */

/* Begin PBXProject section */
		01BB35851CB35031002B5D1A /* Project object */ = {
			isa = PBXProject;
			attributes = {
				LastUpgradeCheck = 0730;
				ORGANIZATIONNAME = devedbox;
				TargetAttributes = {
					01BB358C1CB35031002B5D1A = {
						CreatedOnToolsVersion = 7.3;
						DevelopmentTeam = TKA48YVS5T;
					};
					01BB35A51CB35031002B5D1A = {
						CreatedOnToolsVersion = 7.3;
						TestTargetID = 01BB358C1CB35031002B5D1A;
					};
					01BB35B01CB35031002B5D1A = {
						CreatedOnToolsVersion = 7.3;
						TestTargetID = 01BB358C1CB35031002B5D1A;
					};
				};
			};
			buildConfigurationList = 01BB35881CB35031002B5D1A /* Build configuration list for PBXProject "AXAlertView" */;
			compatibilityVersion = "Xcode 3.2";
			developmentRegion = English;
			hasScannedForEncodings = 0;
			knownRegions = (
				en,
				Base,
			);
			mainGroup = 01BB35841CB35031002B5D1A;
			productRefGroup = 01BB358E1CB35031002B5D1A /* Products */;
			projectDirPath = "";
			projectRoot = "";
			targets = (
				01BB358C1CB35031002B5D1A /* AXAlertView */,
				01BB35A51CB35031002B5D1A /* AXAlertViewTests */,
				01BB35B01CB35031002B5D1A /* AXAlertViewUITests */,
			);
		};
/* End PBXProject section */

/* Begin PBXResourcesBuildPhase section */
		01BB358B1CB35031002B5D1A /* Resources */ = {
			isa = PBXResourcesBuildPhase;
			buildActionMask = 2147483647;
			files = (
				01BB35A01CB35031002B5D1A /* LaunchScreen.storyboard in Resources */,
				01BB359D1CB35031002B5D1A /* Assets.xcassets in Resources */,
				01BB359B1CB35031002B5D1A /* Main.storyboard in Resources */,
			);
			runOnlyForDeploymentPostprocessing = 0;
		};
		01BB35A41CB35031002B5D1A /* Resources */ = {
			isa = PBXResourcesBuildPhase;
			buildActionMask = 2147483647;
			files = (
			);
			runOnlyForDeploymentPostprocessing = 0;
		};
		01BB35AF1CB35031002B5D1A /* Resources */ = {
			isa = PBXResourcesBuildPhase;
			buildActionMask = 2147483647;
			files = (
			);
			runOnlyForDeploymentPostprocessing = 0;
		};
/* End PBXResourcesBuildPhase section */

/* Begin PBXShellScriptBuildPhase section */
		25810A4B9622CC84E9595A08 /* [CP] Check Pods Manifest.lock */ = {
			isa = PBXShellScriptBuildPhase;
			buildActionMask = 2147483647;
			files = (
			);
			inputPaths = (
			);
			name = "[CP] Check Pods Manifest.lock";
			outputPaths = (
			);
			runOnlyForDeploymentPostprocessing = 0;
			shellPath = /bin/sh;
			shellScript = "diff \"${PODS_ROOT}/../Podfile.lock\" \"${PODS_ROOT}/Manifest.lock\" > /dev/null\nif [ $? != 0 ] ; then\n    # print error to STDERR\n    echo \"error: The sandbox is not in sync with the Podfile.lock. Run \'pod install\' or update your CocoaPods installation.\" >&2\n    exit 1\nfi\n";
			showEnvVarsInLog = 0;
		};
		778588F1201373AF92D9D57A /* [CP] Embed Pods Frameworks */ = {
			isa = PBXShellScriptBuildPhase;
			buildActionMask = 2147483647;
			files = (
			);
			inputPaths = (
			);
			name = "[CP] Embed Pods Frameworks";
			outputPaths = (
			);
			runOnlyForDeploymentPostprocessing = 0;
			shellPath = /bin/sh;
			shellScript = "\"${SRCROOT}/Pods/Target Support Files/Pods-AXAlertView/Pods-AXAlertView-frameworks.sh\"\n";
			showEnvVarsInLog = 0;
		};
		D928CC80A8424EC54CB67211 /* [CP] Copy Pods Resources */ = {
			isa = PBXShellScriptBuildPhase;
			buildActionMask = 2147483647;
			files = (
			);
			inputPaths = (
			);
			name = "[CP] Copy Pods Resources";
			outputPaths = (
			);
			runOnlyForDeploymentPostprocessing = 0;
			shellPath = /bin/sh;
			shellScript = "\"${SRCROOT}/Pods/Target Support Files/Pods-AXAlertView/Pods-AXAlertView-resources.sh\"\n";
			showEnvVarsInLog = 0;
		};
/* End PBXShellScriptBuildPhase section */

/* Begin PBXSourcesBuildPhase section */
		01BB35891CB35031002B5D1A /* Sources */ = {
			isa = PBXSourcesBuildPhase;
			buildActionMask = 2147483647;
			files = (
				01BB35C51CB35118002B5D1A /* AXAlertView.m in Sources */,
				01BB35981CB35031002B5D1A /* ViewController.m in Sources */,
				01BB35951CB35031002B5D1A /* AppDelegate.m in Sources */,
				01BB35921CB35031002B5D1A /* main.m in Sources */,
			);
			runOnlyForDeploymentPostprocessing = 0;
		};
		01BB35A21CB35031002B5D1A /* Sources */ = {
			isa = PBXSourcesBuildPhase;
			buildActionMask = 2147483647;
			files = (
				01BB35AB1CB35031002B5D1A /* AXAlertViewTests.m in Sources */,
			);
			runOnlyForDeploymentPostprocessing = 0;
		};
		01BB35AD1CB35031002B5D1A /* Sources */ = {
			isa = PBXSourcesBuildPhase;
			buildActionMask = 2147483647;
			files = (
				01BB35B61CB35031002B5D1A /* AXAlertViewUITests.m in Sources */,
			);
			runOnlyForDeploymentPostprocessing = 0;
		};
/* End PBXSourcesBuildPhase section */

/* Begin PBXTargetDependency section */
		01BB35A81CB35031002B5D1A /* PBXTargetDependency */ = {
			isa = PBXTargetDependency;
			target = 01BB358C1CB35031002B5D1A /* AXAlertView */;
			targetProxy = 01BB35A71CB35031002B5D1A /* PBXContainerItemProxy */;
		};
		01BB35B31CB35031002B5D1A /* PBXTargetDependency */ = {
			isa = PBXTargetDependency;
			target = 01BB358C1CB35031002B5D1A /* AXAlertView */;
			targetProxy = 01BB35B21CB35031002B5D1A /* PBXContainerItemProxy */;
		};
/* End PBXTargetDependency section */

/* Begin PBXVariantGroup section */
		01BB35991CB35031002B5D1A /* Main.storyboard */ = {
			isa = PBXVariantGroup;
			children = (
				01BB359A1CB35031002B5D1A /* Base */,
			);
			name = Main.storyboard;
			sourceTree = "<group>";
		};
		01BB359E1CB35031002B5D1A /* LaunchScreen.storyboard */ = {
			isa = PBXVariantGroup;
			children = (
				01BB359F1CB35031002B5D1A /* Base */,
			);
			name = LaunchScreen.storyboard;
			sourceTree = "<group>";
		};
/* End PBXVariantGroup section */

/* Begin XCBuildConfiguration section */
		01BB35B81CB35031002B5D1A /* Debug */ = {
			isa = XCBuildConfiguration;
			buildSettings = {
				ALWAYS_SEARCH_USER_PATHS = NO;
				CLANG_ANALYZER_NONNULL = YES;
				CLANG_CXX_LANGUAGE_STANDARD = "gnu++0x";
				CLANG_CXX_LIBRARY = "libc++";
				CLANG_ENABLE_MODULES = YES;
				CLANG_ENABLE_OBJC_ARC = YES;
				CLANG_WARN_BOOL_CONVERSION = YES;
				CLANG_WARN_CONSTANT_CONVERSION = YES;
				CLANG_WARN_DIRECT_OBJC_ISA_USAGE = YES_ERROR;
				CLANG_WARN_EMPTY_BODY = YES;
				CLANG_WARN_ENUM_CONVERSION = YES;
				CLANG_WARN_INT_CONVERSION = YES;
				CLANG_WARN_OBJC_ROOT_CLASS = YES_ERROR;
				CLANG_WARN_UNREACHABLE_CODE = YES;
				CLANG_WARN__DUPLICATE_METHOD_MATCH = YES;
				"CODE_SIGN_IDENTITY[sdk=iphoneos*]" = "iPhone Developer";
				COPY_PHASE_STRIP = NO;
				DEBUG_INFORMATION_FORMAT = dwarf;
				ENABLE_STRICT_OBJC_MSGSEND = YES;
				ENABLE_TESTABILITY = YES;
				GCC_C_LANGUAGE_STANDARD = gnu99;
				GCC_DYNAMIC_NO_PIC = NO;
				GCC_NO_COMMON_BLOCKS = YES;
				GCC_OPTIMIZATION_LEVEL = 0;
				GCC_PREPROCESSOR_DEFINITIONS = (
					"DEBUG=1",
					"$(inherited)",
				);
				GCC_WARN_64_TO_32_BIT_CONVERSION = YES;
				GCC_WARN_ABOUT_RETURN_TYPE = YES_ERROR;
				GCC_WARN_UNDECLARED_SELECTOR = YES;
				GCC_WARN_UNINITIALIZED_AUTOS = YES_AGGRESSIVE;
				GCC_WARN_UNUSED_FUNCTION = YES;
				GCC_WARN_UNUSED_VARIABLE = YES;
				IPHONEOS_DEPLOYMENT_TARGET = 9.3;
				MTL_ENABLE_DEBUG_INFO = YES;
				ONLY_ACTIVE_ARCH = YES;
				SDKROOT = iphoneos;
			};
			name = Debug;
		};
		01BB35B91CB35031002B5D1A /* Release */ = {
			isa = XCBuildConfiguration;
			buildSettings = {
				ALWAYS_SEARCH_USER_PATHS = NO;
				CLANG_ANALYZER_NONNULL = YES;
				CLANG_CXX_LANGUAGE_STANDARD = "gnu++0x";
				CLANG_CXX_LIBRARY = "libc++";
				CLANG_ENABLE_MODULES = YES;
				CLANG_ENABLE_OBJC_ARC = YES;
				CLANG_WARN_BOOL_CONVERSION = YES;
				CLANG_WARN_CONSTANT_CONVERSION = YES;
				CLANG_WARN_DIRECT_OBJC_ISA_USAGE = YES_ERROR;
				CLANG_WARN_EMPTY_BODY = YES;
				CLANG_WARN_ENUM_CONVERSION = YES;
				CLANG_WARN_INT_CONVERSION = YES;
				CLANG_WARN_OBJC_ROOT_CLASS = YES_ERROR;
				CLANG_WARN_UNREACHABLE_CODE = YES;
				CLANG_WARN__DUPLICATE_METHOD_MATCH = YES;
				"CODE_SIGN_IDENTITY[sdk=iphoneos*]" = "iPhone Developer";
				COPY_PHASE_STRIP = NO;
				DEBUG_INFORMATION_FORMAT = "dwarf-with-dsym";
				ENABLE_NS_ASSERTIONS = NO;
				ENABLE_STRICT_OBJC_MSGSEND = YES;
				GCC_C_LANGUAGE_STANDARD = gnu99;
				GCC_NO_COMMON_BLOCKS = YES;
				GCC_WARN_64_TO_32_BIT_CONVERSION = YES;
				GCC_WARN_ABOUT_RETURN_TYPE = YES_ERROR;
				GCC_WARN_UNDECLARED_SELECTOR = YES;
				GCC_WARN_UNINITIALIZED_AUTOS = YES_AGGRESSIVE;
				GCC_WARN_UNUSED_FUNCTION = YES;
				GCC_WARN_UNUSED_VARIABLE = YES;
				IPHONEOS_DEPLOYMENT_TARGET = 9.3;
				MTL_ENABLE_DEBUG_INFO = NO;
				SDKROOT = iphoneos;
				VALIDATE_PRODUCT = YES;
			};
			name = Release;
		};
		01BB35BB1CB35031002B5D1A /* Debug */ = {
			isa = XCBuildConfiguration;
			baseConfigurationReference = 525EDD5E82AD48153196FAAB /* Pods-AXAlertView.debug.xcconfig */;
			buildSettings = {
				ASSETCATALOG_COMPILER_APPICON_NAME = AppIcon;
				DEVELOPMENT_TEAM = TKA48YVS5T;
				INFOPLIST_FILE = AXAlertView/Info.plist;
				LD_RUNPATH_SEARCH_PATHS = "$(inherited) @executable_path/Frameworks";
				PRODUCT_BUNDLE_IDENTIFIER = devedbox.AXAlertView;
				PRODUCT_NAME = "$(TARGET_NAME)";
			};
			name = Debug;
		};
		01BB35BC1CB35031002B5D1A /* Release */ = {
			isa = XCBuildConfiguration;
			baseConfigurationReference = 37D7438B4F614BD7E4BD7FDA /* Pods-AXAlertView.release.xcconfig */;
			buildSettings = {
				ASSETCATALOG_COMPILER_APPICON_NAME = AppIcon;
				DEVELOPMENT_TEAM = TKA48YVS5T;
				INFOPLIST_FILE = AXAlertView/Info.plist;
				LD_RUNPATH_SEARCH_PATHS = "$(inherited) @executable_path/Frameworks";
				PRODUCT_BUNDLE_IDENTIFIER = devedbox.AXAlertView;
				PRODUCT_NAME = "$(TARGET_NAME)";
			};
			name = Release;
		};
		01BB35BE1CB35031002B5D1A /* Debug */ = {
			isa = XCBuildConfiguration;
			buildSettings = {
				BUNDLE_LOADER = "$(TEST_HOST)";
				INFOPLIST_FILE = AXAlertViewTests/Info.plist;
				LD_RUNPATH_SEARCH_PATHS = "$(inherited) @executable_path/Frameworks @loader_path/Frameworks";
				PRODUCT_BUNDLE_IDENTIFIER = devedbox.AXAlertViewTests;
				PRODUCT_NAME = "$(TARGET_NAME)";
				TEST_HOST = "$(BUILT_PRODUCTS_DIR)/AXAlertView.app/AXAlertView";
			};
			name = Debug;
		};
		01BB35BF1CB35031002B5D1A /* Release */ = {
			isa = XCBuildConfiguration;
			buildSettings = {
				BUNDLE_LOADER = "$(TEST_HOST)";
				INFOPLIST_FILE = AXAlertViewTests/Info.plist;
				LD_RUNPATH_SEARCH_PATHS = "$(inherited) @executable_path/Frameworks @loader_path/Frameworks";
				PRODUCT_BUNDLE_IDENTIFIER = devedbox.AXAlertViewTests;
				PRODUCT_NAME = "$(TARGET_NAME)";
				TEST_HOST = "$(BUILT_PRODUCTS_DIR)/AXAlertView.app/AXAlertView";
			};
			name = Release;
		};
		01BB35C11CB35031002B5D1A /* Debug */ = {
			isa = XCBuildConfiguration;
			buildSettings = {
				INFOPLIST_FILE = AXAlertViewUITests/Info.plist;
				LD_RUNPATH_SEARCH_PATHS = "$(inherited) @executable_path/Frameworks @loader_path/Frameworks";
				PRODUCT_BUNDLE_IDENTIFIER = devedbox.AXAlertViewUITests;
				PRODUCT_NAME = "$(TARGET_NAME)";
				TEST_TARGET_NAME = AXAlertView;
			};
			name = Debug;
		};
		01BB35C21CB35031002B5D1A /* Release */ = {
			isa = XCBuildConfiguration;
			buildSettings = {
				INFOPLIST_FILE = AXAlertViewUITests/Info.plist;
				LD_RUNPATH_SEARCH_PATHS = "$(inherited) @executable_path/Frameworks @loader_path/Frameworks";
				PRODUCT_BUNDLE_IDENTIFIER = devedbox.AXAlertViewUITests;
				PRODUCT_NAME = "$(TARGET_NAME)";
				TEST_TARGET_NAME = AXAlertView;
			};
			name = Release;
		};
/* End XCBuildConfiguration section */

/* Begin XCConfigurationList section */
		01BB35881CB35031002B5D1A /* Build configuration list for PBXProject "AXAlertView" */ = {
			isa = XCConfigurationList;
			buildConfigurations = (
				01BB35B81CB35031002B5D1A /* Debug */,
				01BB35B91CB35031002B5D1A /* Release */,
			);
			defaultConfigurationIsVisible = 0;
			defaultConfigurationName = Release;
		};
		01BB35BA1CB35031002B5D1A /* Build configuration list for PBXNativeTarget "AXAlertView" */ = {
			isa = XCConfigurationList;
			buildConfigurations = (
				01BB35BB1CB35031002B5D1A /* Debug */,
				01BB35BC1CB35031002B5D1A /* Release */,
			);
			defaultConfigurationIsVisible = 0;
			defaultConfigurationName = Release;
		};
		01BB35BD1CB35031002B5D1A /* Build configuration list for PBXNativeTarget "AXAlertViewTests" */ = {
			isa = XCConfigurationList;
			buildConfigurations = (
				01BB35BE1CB35031002B5D1A /* Debug */,
				01BB35BF1CB35031002B5D1A /* Release */,
			);
			defaultConfigurationIsVisible = 0;
			defaultConfigurationName = Release;
		};
		01BB35C01CB35031002B5D1A /* Build configuration list for PBXNativeTarget "AXAlertViewUITests" */ = {
			isa = XCConfigurationList;
			buildConfigurations = (
				01BB35C11CB35031002B5D1A /* Debug */,
				01BB35C21CB35031002B5D1A /* Release */,
			);
			defaultConfigurationIsVisible = 0;
			defaultConfigurationName = Release;
		};
/* End XCConfigurationList section */
	};
	rootObject = 01BB35851CB35031002B5D1A /* Project object */;
}
