// !$*UTF8*$!
{
	archiveVersion = 1;
	classes = {
	};
	objectVersion = 46;
	objects = {

/* Begin PBXBuildFile section */
		31782D886A303F15C4F350DA /* libPods-AXAlertController.a in Frameworks */ = {isa = PBXBuildFile; fileRef = 9C9FCD55F5D7066860C31901 /* libPods-AXAlertController.a */; };
		DCA857B61EE698CB0008E9A4 /* AppDelegate.m in Sources */ = {isa = PBXBuildFile; fileRef = DCA857A31EE698CB0008E9A4 /* AppDelegate.m */; };
		DCA857B71EE698CB0008E9A4 /* Assets.xcassets in Resources */ = {isa = PBXBuildFile; fileRef = DCA857A41EE698CB0008E9A4 /* Assets.xcassets */; };
		DCA857B81EE698CB0008E9A4 /* AXActionSheet.m in Sources */ = {isa = PBXBuildFile; fileRef = DCA857A71EE698CB0008E9A4 /* AXActionSheet.m */; };
		DCA857B91EE698CB0008E9A4 /* AXAlertController.m in Sources */ = {isa = PBXBuildFile; fileRef = DCA857A91EE698CB0008E9A4 /* AXAlertController.m */; };
		DCA857BA1EE698CB0008E9A4 /* AXAlertView.m in Sources */ = {isa = PBXBuildFile; fileRef = DCA857AB1EE698CB0008E9A4 /* AXAlertView.m */; };
		DCA857BB1EE698CB0008E9A4 /* LaunchScreen.storyboard in Resources */ = {isa = PBXBuildFile; fileRef = DCA857AC1EE698CB0008E9A4 /* LaunchScreen.storyboard */; };
		DCA857BC1EE698CB0008E9A4 /* Main.storyboard in Resources */ = {isa = PBXBuildFile; fileRef = DCA857AE1EE698CB0008E9A4 /* Main.storyboard */; };
		DCA857BE1EE698CB0008E9A4 /* main.m in Sources */ = {isa = PBXBuildFile; fileRef = DCA857B11EE698CB0008E9A4 /* main.m */; };
		DCA857BF1EE698CB0008E9A4 /* TableViewController.m in Sources */ = {isa = PBXBuildFile; fileRef = DCA857B31EE698CB0008E9A4 /* TableViewController.m */; };
		DCA857C01EE698CB0008E9A4 /* ViewController.m in Sources */ = {isa = PBXBuildFile; fileRef = DCA857B51EE698CB0008E9A4 /* ViewController.m */; };
		DCF5FA4E1EF90B0E009CE969 /* SampleViewController.m in Sources */ = {isa = PBXBuildFile; fileRef = DCF5FA4D1EF90B0E009CE969 /* SampleViewController.m */; };
		DCFF5EFE1EFA0F6900744FD2 /* SettingViewController.m in Sources */ = {isa = PBXBuildFile; fileRef = DCFF5EFD1EFA0F6900744FD2 /* SettingViewController.m */; };
/* End PBXBuildFile section */

/* Begin PBXFileReference section */
		01BB358D1CB35031002B5D1A /* AXAlertController.app */ = {isa = PBXFileReference; explicitFileType = wrapper.application; includeInIndex = 0; path = AXAlertController.app; sourceTree = BUILT_PRODUCTS_DIR; };
		37D7438B4F614BD7E4BD7FDA /* Pods-AXAlertView.release.xcconfig */ = {isa = PBXFileReference; includeInIndex = 1; lastKnownFileType = text.xcconfig; name = "Pods-AXAlertView.release.xcconfig"; path = "Pods/Target Support Files/Pods-AXAlertView/Pods-AXAlertView.release.xcconfig"; sourceTree = "<group>"; };
		525EDD5E82AD48153196FAAB /* Pods-AXAlertView.debug.xcconfig */ = {isa = PBXFileReference; includeInIndex = 1; lastKnownFileType = text.xcconfig; name = "Pods-AXAlertView.debug.xcconfig"; path = "Pods/Target Support Files/Pods-AXAlertView/Pods-AXAlertView.debug.xcconfig"; sourceTree = "<group>"; };
		6D00E16D94EC1983741C476A /* libPods-AXAlertView.a */ = {isa = PBXFileReference; explicitFileType = archive.ar; includeInIndex = 0; path = "libPods-AXAlertView.a"; sourceTree = BUILT_PRODUCTS_DIR; };
		9C9FCD55F5D7066860C31901 /* libPods-AXAlertController.a */ = {isa = PBXFileReference; explicitFileType = archive.ar; includeInIndex = 0; path = "libPods-AXAlertController.a"; sourceTree = BUILT_PRODUCTS_DIR; };
		D91DA8761FD8A6D3F44323B6 /* Pods-AXAlertController.release.xcconfig */ = {isa = PBXFileReference; includeInIndex = 1; lastKnownFileType = text.xcconfig; name = "Pods-AXAlertController.release.xcconfig"; path = "Pods/Target Support Files/Pods-AXAlertController/Pods-AXAlertController.release.xcconfig"; sourceTree = "<group>"; };
		DC6399181EE79DB000F23BCC /* AXAlertConstant.h */ = {isa = PBXFileReference; lastKnownFileType = sourcecode.c.h; path = AXAlertConstant.h; sourceTree = "<group>"; };
		DCA857A21EE698CB0008E9A4 /* AppDelegate.h */ = {isa = PBXFileReference; fileEncoding = 4; lastKnownFileType = sourcecode.c.h; path = AppDelegate.h; sourceTree = "<group>"; };
		DCA857A31EE698CB0008E9A4 /* AppDelegate.m */ = {isa = PBXFileReference; fileEncoding = 4; lastKnownFileType = sourcecode.c.objc; path = AppDelegate.m; sourceTree = "<group>"; };
		DCA857A41EE698CB0008E9A4 /* Assets.xcassets */ = {isa = PBXFileReference; lastKnownFileType = folder.assetcatalog; path = Assets.xcassets; sourceTree = "<group>"; };
		DCA857A61EE698CB0008E9A4 /* AXActionSheet.h */ = {isa = PBXFileReference; fileEncoding = 4; lastKnownFileType = sourcecode.c.h; path = AXActionSheet.h; sourceTree = "<group>"; };
		DCA857A71EE698CB0008E9A4 /* AXActionSheet.m */ = {isa = PBXFileReference; fileEncoding = 4; lastKnownFileType = sourcecode.c.objc; path = AXActionSheet.m; sourceTree = "<group>"; };
		DCA857A81EE698CB0008E9A4 /* AXAlertController.h */ = {isa = PBXFileReference; fileEncoding = 4; lastKnownFileType = sourcecode.c.h; path = AXAlertController.h; sourceTree = "<group>"; };
		DCA857A91EE698CB0008E9A4 /* AXAlertController.m */ = {isa = PBXFileReference; fileEncoding = 4; lastKnownFileType = sourcecode.c.objc; path = AXAlertController.m; sourceTree = "<group>"; };
		DCA857AA1EE698CB0008E9A4 /* AXAlertView.h */ = {isa = PBXFileReference; fileEncoding = 4; lastKnownFileType = sourcecode.c.h; path = AXAlertView.h; sourceTree = "<group>"; };
		DCA857AB1EE698CB0008E9A4 /* AXAlertView.m */ = {isa = PBXFileReference; fileEncoding = 4; lastKnownFileType = sourcecode.c.objc; path = AXAlertView.m; sourceTree = "<group>"; };
		DCA857AD1EE698CB0008E9A4 /* Base */ = {isa = PBXFileReference; lastKnownFileType = file.storyboard; name = Base; path = Base.lproj/LaunchScreen.storyboard; sourceTree = "<group>"; };
		DCA857AF1EE698CB0008E9A4 /* Base */ = {isa = PBXFileReference; lastKnownFileType = file.storyboard; name = Base; path = Base.lproj/Main.storyboard; sourceTree = "<group>"; };
		DCA857B01EE698CB0008E9A4 /* Info.plist */ = {isa = PBXFileReference; fileEncoding = 4; lastKnownFileType = text.plist.xml; path = Info.plist; sourceTree = "<group>"; };
		DCA857B11EE698CB0008E9A4 /* main.m */ = {isa = PBXFileReference; fileEncoding = 4; lastKnownFileType = sourcecode.c.objc; path = main.m; sourceTree = "<group>"; };
		DCA857B21EE698CB0008E9A4 /* TableViewController.h */ = {isa = PBXFileReference; fileEncoding = 4; lastKnownFileType = sourcecode.c.h; path = TableViewController.h; sourceTree = "<group>"; };
		DCA857B31EE698CB0008E9A4 /* TableViewController.m */ = {isa = PBXFileReference; fileEncoding = 4; lastKnownFileType = sourcecode.c.objc; path = TableViewController.m; sourceTree = "<group>"; };
		DCA857B41EE698CB0008E9A4 /* ViewController.h */ = {isa = PBXFileReference; fileEncoding = 4; lastKnownFileType = sourcecode.c.h; path = ViewController.h; sourceTree = "<group>"; };
		DCA857B51EE698CB0008E9A4 /* ViewController.m */ = {isa = PBXFileReference; fileEncoding = 4; lastKnownFileType = sourcecode.c.objc; path = ViewController.m; sourceTree = "<group>"; };
		DCF5FA4C1EF90B0E009CE969 /* SampleViewController.h */ = {isa = PBXFileReference; lastKnownFileType = sourcecode.c.h; path = SampleViewController.h; sourceTree = "<group>"; };
		DCF5FA4D1EF90B0E009CE969 /* SampleViewController.m */ = {isa = PBXFileReference; lastKnownFileType = sourcecode.c.objc; path = SampleViewController.m; sourceTree = "<group>"; };
		DCFF5EFC1EFA0F6900744FD2 /* SettingViewController.h */ = {isa = PBXFileReference; fileEncoding = 4; lastKnownFileType = sourcecode.c.h; path = SettingViewController.h; sourceTree = "<group>"; };
		DCFF5EFD1EFA0F6900744FD2 /* SettingViewController.m */ = {isa = PBXFileReference; fileEncoding = 4; lastKnownFileType = sourcecode.c.objc; path = SettingViewController.m; sourceTree = "<group>"; };
		E0089C73A6637E46881D83DF /* Pods-AXAlertController.debug.xcconfig */ = {isa = PBXFileReference; includeInIndex = 1; lastKnownFileType = text.xcconfig; name = "Pods-AXAlertController.debug.xcconfig"; path = "Pods/Target Support Files/Pods-AXAlertController/Pods-AXAlertController.debug.xcconfig"; sourceTree = "<group>"; };
/* End PBXFileReference section */

/* Begin PBXFrameworksBuildPhase section */
		01BB358A1CB35031002B5D1A /* Frameworks */ = {
			isa = PBXFrameworksBuildPhase;
			buildActionMask = 2147483647;
			files = (
				31782D886A303F15C4F350DA /* libPods-AXAlertController.a in Frameworks */,
			);
			runOnlyForDeploymentPostprocessing = 0;
		};
/* End PBXFrameworksBuildPhase section */

/* Begin PBXGroup section */
		01BB35841CB35031002B5D1A = {
			isa = PBXGroup;
			children = (
				DCA857A11EE698CB0008E9A4 /* AXAlertController */,
				01BB358E1CB35031002B5D1A /* Products */,
				E2AAD5D8A448265B45220D41 /* Pods */,
				5C6ADC35B98060AEB3163FA0 /* Frameworks */,
			);
			sourceTree = "<group>";
		};
		01BB358E1CB35031002B5D1A /* Products */ = {
			isa = PBXGroup;
			children = (
				01BB358D1CB35031002B5D1A /* AXAlertController.app */,
			);
			name = Products;
			sourceTree = "<group>";
		};
		5C6ADC35B98060AEB3163FA0 /* Frameworks */ = {
			isa = PBXGroup;
			children = (
				6D00E16D94EC1983741C476A /* libPods-AXAlertView.a */,
				9C9FCD55F5D7066860C31901 /* libPods-AXAlertController.a */,
			);
			name = Frameworks;
			sourceTree = "<group>";
		};
		DCA857A11EE698CB0008E9A4 /* AXAlertController */ = {
			isa = PBXGroup;
			children = (
				DCA857A21EE698CB0008E9A4 /* AppDelegate.h */,
				DCA857A31EE698CB0008E9A4 /* AppDelegate.m */,
				DCA857B21EE698CB0008E9A4 /* TableViewController.h */,
				DCA857B31EE698CB0008E9A4 /* TableViewController.m */,
				DCF5FA4C1EF90B0E009CE969 /* SampleViewController.h */,
				DCF5FA4D1EF90B0E009CE969 /* SampleViewController.m */,
				DCFF5EFC1EFA0F6900744FD2 /* SettingViewController.h */,
				DCFF5EFD1EFA0F6900744FD2 /* SettingViewController.m */,
				DCA857A51EE698CB0008E9A4 /* AXAlertController */,
				DCA857A41EE698CB0008E9A4 /* Assets.xcassets */,
				DCA857AC1EE698CB0008E9A4 /* LaunchScreen.storyboard */,
				DCA857AE1EE698CB0008E9A4 /* Main.storyboard */,
				DCA857B01EE698CB0008E9A4 /* Info.plist */,
				DCA857B11EE698CB0008E9A4 /* main.m */,
				DCA857B41EE698CB0008E9A4 /* ViewController.h */,
				DCA857B51EE698CB0008E9A4 /* ViewController.m */,
			);
			path = AXAlertController;
			sourceTree = "<group>";
		};
		DCA857A51EE698CB0008E9A4 /* AXAlertController */ = {
			isa = PBXGroup;
			children = (
				DCA857A81EE698CB0008E9A4 /* AXAlertController.h */,
				DCA857A91EE698CB0008E9A4 /* AXAlertController.m */,
				DC6399181EE79DB000F23BCC /* AXAlertConstant.h */,
				DCA857A61EE698CB0008E9A4 /* AXActionSheet.h */,
				DCA857A71EE698CB0008E9A4 /* AXActionSheet.m */,
				DCA857AA1EE698CB0008E9A4 /* AXAlertView.h */,
				DCA857AB1EE698CB0008E9A4 /* AXAlertView.m */,
			);
			path = AXAlertController;
			sourceTree = "<group>";
		};
		E2AAD5D8A448265B45220D41 /* Pods */ = {
			isa = PBXGroup;
			children = (
				525EDD5E82AD48153196FAAB /* Pods-AXAlertView.debug.xcconfig */,
				37D7438B4F614BD7E4BD7FDA /* Pods-AXAlertView.release.xcconfig */,
				E0089C73A6637E46881D83DF /* Pods-AXAlertController.debug.xcconfig */,
				D91DA8761FD8A6D3F44323B6 /* Pods-AXAlertController.release.xcconfig */,
			);
			name = Pods;
			sourceTree = "<group>";
		};
/* End PBXGroup section */

/* Begin PBXNativeTarget section */
		01BB358C1CB35031002B5D1A /* AXAlertController */ = {
			isa = PBXNativeTarget;
			buildConfigurationList = 01BB35BA1CB35031002B5D1A /* Build configuration list for PBXNativeTarget "AXAlertController" */;
			buildPhases = (
				25810A4B9622CC84E9595A08 /* [CP] Check Pods Manifest.lock */,
				01BB35891CB35031002B5D1A /* Sources */,
				01BB358A1CB35031002B5D1A /* Frameworks */,
				01BB358B1CB35031002B5D1A /* Resources */,
			);
			buildRules = (
			);
			dependencies = (
			);
			name = AXAlertController;
			productName = AXAlertView;
			productReference = 01BB358D1CB35031002B5D1A /* AXAlertController.app */;
			productType = "com.apple.product-type.application";
		};
/* End PBXNativeTarget section */

/* Begin PBXProject section */
		01BB35851CB35031002B5D1A /* Project object */ = {
			isa = PBXProject;
			attributes = {
				LastUpgradeCheck = 0900;
				ORGANIZATIONNAME = devedbox;
				TargetAttributes = {
					01BB358C1CB35031002B5D1A = {
						CreatedOnToolsVersion = 7.3;
						DevelopmentTeam = TKA48YVS5T;
					};
				};
			};
			buildConfigurationList = 01BB35881CB35031002B5D1A /* Build configuration list for PBXProject "AXAlertController" */;
			compatibilityVersion = "Xcode 3.2";
			developmentRegion = English;
			hasScannedForEncodings = 0;
			knownRegions = (
				English,
				en,
				Base,
			);
			mainGroup = 01BB35841CB35031002B5D1A;
			productRefGroup = 01BB358E1CB35031002B5D1A /* Products */;
			projectDirPath = "";
			projectRoot = "";
			targets = (
				01BB358C1CB35031002B5D1A /* AXAlertController */,
			);
		};
/* End PBXProject section */

/* Begin PBXResourcesBuildPhase section */
		01BB358B1CB35031002B5D1A /* Resources */ = {
			isa = PBXResourcesBuildPhase;
			buildActionMask = 2147483647;
			files = (
				DCA857BC1EE698CB0008E9A4 /* Main.storyboard in Resources */,
				DCA857B71EE698CB0008E9A4 /* Assets.xcassets in Resources */,
				DCA857BB1EE698CB0008E9A4 /* LaunchScreen.storyboard in Resources */,
			);
			runOnlyForDeploymentPostprocessing = 0;
		};
/* End PBXResourcesBuildPhase section */

/* Begin PBXShellScriptBuildPhase section */
		25810A4B9622CC84E9595A08 /* [CP] Check Pods Manifest.lock */ = {
			isa = PBXShellScriptBuildPhase;
			buildActionMask = 2147483647;
			files = (
			);
			inputPaths = (
				"${PODS_PODFILE_DIR_PATH}/Podfile.lock",
				"${PODS_ROOT}/Manifest.lock",
			);
			name = "[CP] Check Pods Manifest.lock";
			outputPaths = (
				"$(DERIVED_FILE_DIR)/Pods-AXAlertController-checkManifestLockResult.txt",
			);
			runOnlyForDeploymentPostprocessing = 0;
			shellPath = /bin/sh;
			shellScript = "diff \"${PODS_PODFILE_DIR_PATH}/Podfile.lock\" \"${PODS_ROOT}/Manifest.lock\" > /dev/null\nif [ $? != 0 ] ; then\n    # print error to STDERR\n    echo \"error: The sandbox is not in sync with the Podfile.lock. Run 'pod install' or update your CocoaPods installation.\" >&2\n    exit 1\nfi\n# This output is used by Xcode 'outputs' to avoid re-running this script phase.\necho \"SUCCESS\" > \"${SCRIPT_OUTPUT_FILE_0}\"\n";
			showEnvVarsInLog = 0;
		};
/* End PBXShellScriptBuildPhase section */

/* Begin PBXSourcesBuildPhase section */
		01BB35891CB35031002B5D1A /* Sources */ = {
			isa = PBXSourcesBuildPhase;
			buildActionMask = 2147483647;
			files = (
				DCA857C01EE698CB0008E9A4 /* ViewController.m in Sources */,
				DCA857BE1EE698CB0008E9A4 /* main.m in Sources */,
				DCF5FA4E1EF90B0E009CE969 /* SampleViewController.m in Sources */,
				DCA857BF1EE698CB0008E9A4 /* TableViewController.m in Sources */,
				DCA857BA1EE698CB0008E9A4 /* AXAlertView.m in Sources */,
				DCFF5EFE1EFA0F6900744FD2 /* SettingViewController.m in Sources */,
				DCA857B81EE698CB0008E9A4 /* AXActionSheet.m in Sources */,
				DCA857B61EE698CB0008E9A4 /* AppDelegate.m in Sources */,
				DCA857B91EE698CB0008E9A4 /* AXAlertController.m in Sources */,
			);
			runOnlyForDeploymentPostprocessing = 0;
		};
/* End PBXSourcesBuildPhase section */

/* Begin PBXVariantGroup section */
		DCA857AC1EE698CB0008E9A4 /* LaunchScreen.storyboard */ = {
			isa = PBXVariantGroup;
			children = (
				DCA857AD1EE698CB0008E9A4 /* Base */,
			);
			name = LaunchScreen.storyboard;
			sourceTree = "<group>";
		};
		DCA857AE1EE698CB0008E9A4 /* Main.storyboard */ = {
			isa = PBXVariantGroup;
			children = (
				DCA857AF1EE698CB0008E9A4 /* Base */,
			);
			name = Main.storyboard;
			sourceTree = "<group>";
		};
/* End PBXVariantGroup section */

/* Begin XCBuildConfiguration section */
		01BB35B81CB35031002B5D1A /* Debug */ = {
			isa = XCBuildConfiguration;
			buildSettings = {
				ALWAYS_SEARCH_USER_PATHS = NO;
				CLANG_ANALYZER_NONNULL = YES;
				CLANG_CXX_LANGUAGE_STANDARD = "gnu++0x";
				CLANG_CXX_LIBRARY = "libc++";
				CLANG_ENABLE_MODULES = YES;
				CLANG_ENABLE_OBJC_ARC = YES;
				CLANG_WARN_BLOCK_CAPTURE_AUTORELEASING = YES;
				CLANG_WARN_BOOL_CONVERSION = YES;
				CLANG_WARN_COMMA = YES;
				CLANG_WARN_CONSTANT_CONVERSION = YES;
				CLANG_WARN_DIRECT_OBJC_ISA_USAGE = YES_ERROR;
				CLANG_WARN_EMPTY_BODY = YES;
				CLANG_WARN_ENUM_CONVERSION = YES;
				CLANG_WARN_INFINITE_RECURSION = YES;
				CLANG_WARN_INT_CONVERSION = YES;
				CLANG_WARN_NON_LITERAL_NULL_CONVERSION = YES;
				CLANG_WARN_OBJC_LITERAL_CONVERSION = YES;
				CLANG_WARN_OBJC_ROOT_CLASS = YES_ERROR;
				CLANG_WARN_RANGE_LOOP_ANALYSIS = YES;
				CLANG_WARN_STRICT_PROTOTYPES = YES;
				CLANG_WARN_SUSPICIOUS_MOVE = YES;
				CLANG_WARN_UNREACHABLE_CODE = YES;
				CLANG_WARN__DUPLICATE_METHOD_MATCH = YES;
				"CODE_SIGN_IDENTITY[sdk=iphoneos*]" = "iPhone Developer";
				COPY_PHASE_STRIP = NO;
				DEBUG_INFORMATION_FORMAT = dwarf;
				ENABLE_STRICT_OBJC_MSGSEND = YES;
				ENABLE_TESTABILITY = YES;
				GCC_C_LANGUAGE_STANDARD = gnu99;
				GCC_DYNAMIC_NO_PIC = NO;
				GCC_NO_COMMON_BLOCKS = YES;
				GCC_OPTIMIZATION_LEVEL = 0;
				GCC_PREPROCESSOR_DEFINITIONS = (
					"DEBUG=1",
					"$(inherited)",
				);
				GCC_WARN_64_TO_32_BIT_CONVERSION = YES;
				GCC_WARN_ABOUT_RETURN_TYPE = YES_ERROR;
				GCC_WARN_UNDECLARED_SELECTOR = YES;
				GCC_WARN_UNINITIALIZED_AUTOS = YES_AGGRESSIVE;
				GCC_WARN_UNUSED_FUNCTION = YES;
				GCC_WARN_UNUSED_VARIABLE = YES;
				IPHONEOS_DEPLOYMENT_TARGET = 9.3;
				MTL_ENABLE_DEBUG_INFO = YES;
				ONLY_ACTIVE_ARCH = YES;
				SDKROOT = iphoneos;
			};
			name = Debug;
		};
		01BB35B91CB35031002B5D1A /* Release */ = {
			isa = XCBuildConfiguration;
			buildSettings = {
				ALWAYS_SEARCH_USER_PATHS = NO;
				CLANG_ANALYZER_NONNULL = YES;
				CLANG_CXX_LANGUAGE_STANDARD = "gnu++0x";
				CLANG_CXX_LIBRARY = "libc++";
				CLANG_ENABLE_MODULES = YES;
				CLANG_ENABLE_OBJC_ARC = YES;
				CLANG_WARN_BLOCK_CAPTURE_AUTORELEASING = YES;
				CLANG_WARN_BOOL_CONVERSION = YES;
				CLANG_WARN_COMMA = YES;
				CLANG_WARN_CONSTANT_CONVERSION = YES;
				CLANG_WARN_DIRECT_OBJC_ISA_USAGE = YES_ERROR;
				CLANG_WARN_EMPTY_BODY = YES;
				CLANG_WARN_ENUM_CONVERSION = YES;
				CLANG_WARN_INFINITE_RECURSION = YES;
				CLANG_WARN_INT_CONVERSION = YES;
				CLANG_WARN_NON_LITERAL_NULL_CONVERSION = YES;
				CLANG_WARN_OBJC_LITERAL_CONVERSION = YES;
				CLANG_WARN_OBJC_ROOT_CLASS = YES_ERROR;
				CLANG_WARN_RANGE_LOOP_ANALYSIS = YES;
				CLANG_WARN_STRICT_PROTOTYPES = YES;
				CLANG_WARN_SUSPICIOUS_MOVE = YES;
				CLANG_WARN_UNREACHABLE_CODE = YES;
				CLANG_WARN__DUPLICATE_METHOD_MATCH = YES;
				"CODE_SIGN_IDENTITY[sdk=iphoneos*]" = "iPhone Developer";
				COPY_PHASE_STRIP = NO;
				DEBUG_INFORMATION_FORMAT = "dwarf-with-dsym";
				ENABLE_NS_ASSERTIONS = NO;
				ENABLE_STRICT_OBJC_MSGSEND = YES;
				GCC_C_LANGUAGE_STANDARD = gnu99;
				GCC_NO_COMMON_BLOCKS = YES;
				GCC_WARN_64_TO_32_BIT_CONVERSION = YES;
				GCC_WARN_ABOUT_RETURN_TYPE = YES_ERROR;
				GCC_WARN_UNDECLARED_SELECTOR = YES;
				GCC_WARN_UNINITIALIZED_AUTOS = YES_AGGRESSIVE;
				GCC_WARN_UNUSED_FUNCTION = YES;
				GCC_WARN_UNUSED_VARIABLE = YES;
				IPHONEOS_DEPLOYMENT_TARGET = 9.3;
				MTL_ENABLE_DEBUG_INFO = NO;
				SDKROOT = iphoneos;
				VALIDATE_PRODUCT = YES;
			};
			name = Release;
		};
		01BB35BB1CB35031002B5D1A /* Debug */ = {
			isa = XCBuildConfiguration;
			baseConfigurationReference = E0089C73A6637E46881D83DF /* Pods-AXAlertController.debug.xcconfig */;
			buildSettings = {
				ASSETCATALOG_COMPILER_APPICON_NAME = AppIcon;
				DEVELOPMENT_TEAM = TKA48YVS5T;
				INFOPLIST_FILE = "$(SRCROOT)/AXAlertController/Info.plist";
				IPHONEOS_DEPLOYMENT_TARGET = 9.0;
				LD_RUNPATH_SEARCH_PATHS = "$(inherited) @executable_path/Frameworks";
				PRODUCT_BUNDLE_IDENTIFIER = devedbox.AXAlertController;
				PRODUCT_NAME = "$(TARGET_NAME)";
				TARGETED_DEVICE_FAMILY = "1,2";
			};
			name = Debug;
		};
		01BB35BC1CB35031002B5D1A /* Release */ = {
			isa = XCBuildConfiguration;
			baseConfigurationReference = D91DA8761FD8A6D3F44323B6 /* Pods-AXAlertController.release.xcconfig */;
			buildSettings = {
				ASSETCATALOG_COMPILER_APPICON_NAME = AppIcon;
				DEVELOPMENT_TEAM = TKA48YVS5T;
				INFOPLIST_FILE = "$(SRCROOT)/AXAlertController/Info.plist";
				IPHONEOS_DEPLOYMENT_TARGET = 9.0;
				LD_RUNPATH_SEARCH_PATHS = "$(inherited) @executable_path/Frameworks";
				PRODUCT_BUNDLE_IDENTIFIER = devedbox.AXAlertController;
				PRODUCT_NAME = "$(TARGET_NAME)";
				TARGETED_DEVICE_FAMILY = "1,2";
			};
			name = Release;
		};
/* End XCBuildConfiguration section */

/* Begin XCConfigurationList section */
		01BB35881CB35031002B5D1A /* Build configuration list for PBXProject "AXAlertController" */ = {
			isa = XCConfigurationList;
			buildConfigurations = (
				01BB35B81CB35031002B5D1A /* Debug */,
				01BB35B91CB35031002B5D1A /* Release */,
			);
			defaultConfigurationIsVisible = 0;
			defaultConfigurationName = Release;
		};
		01BB35BA1CB35031002B5D1A /* Build configuration list for PBXNativeTarget "AXAlertController" */ = {
			isa = XCConfigurationList;
			buildConfigurations = (
				01BB35BB1CB35031002B5D1A /* Debug */,
				01BB35BC1CB35031002B5D1A /* Release */,
			);
			defaultConfigurationIsVisible = 0;
			defaultConfigurationName = Release;
		};
/* End XCConfigurationList section */
	};
	rootObject = 01BB35851CB35031002B5D1A /* Project object */;
}
